// !$*UTF8*$!
{
	archiveVersion = 1;
	classes = {
	};
	objectVersion = 77;
	objects = {

/* Begin PBXBuildFile section */
		900CC8702D62BA1F005FAEBB /* AnalyticsViewModel.swift in Sources */ = {isa = PBXBuildFile; fileRef = 900CC86F2D62BA1A005FAEBB /* AnalyticsViewModel.swift */; };
		900CC8762D62BD84005FAEBB /* AnalyticsData.swift in Sources */ = {isa = PBXBuildFile; fileRef = 900CC8712D62BA59005FAEBB /* AnalyticsData.swift */; };
		900CC8772D62BD8E005FAEBB /* APIServices.swift in Sources */ = {isa = PBXBuildFile; fileRef = 900CC8732D62BA8B005FAEBB /* APIServices.swift */; };
/* End PBXBuildFile section */

/* Begin PBXContainerItemProxy section */
		900CC8502D62B95D005FAEBB /* PBXContainerItemProxy */ = {
			isa = PBXContainerItemProxy;
			containerPortal = 900CC8372D62B95B005FAEBB /* Project object */;
			proxyType = 1;
			remoteGlobalIDString = 900CC83E2D62B95B005FAEBB;
			remoteInfo = AppStoreAnalyticsQA;
		};
		900CC85A2D62B95D005FAEBB /* PBXContainerItemProxy */ = {
			isa = PBXContainerItemProxy;
			containerPortal = 900CC8372D62B95B005FAEBB /* Project object */;
			proxyType = 1;
			remoteGlobalIDString = 900CC83E2D62B95B005FAEBB;
			remoteInfo = AppStoreAnalyticsQA;
		};
/* End PBXContainerItemProxy section */

/* Begin PBXFileReference section */
		900CC83F2D62B95B005FAEBB /* AppStoreAnalyticsQA.app */ = {isa = PBXFileReference; explicitFileType = wrapper.application; includeInIndex = 0; path = AppStoreAnalyticsQA.app; sourceTree = BUILT_PRODUCTS_DIR; };
		900CC84F2D62B95D005FAEBB /* AppStoreAnalyticsQATests.xctest */ = {isa = PBXFileReference; explicitFileType = wrapper.cfbundle; includeInIndex = 0; path = AppStoreAnalyticsQATests.xctest; sourceTree = BUILT_PRODUCTS_DIR; };
		900CC8592D62B95D005FAEBB /* AppStoreAnalyticsQAUITests.xctest */ = {isa = PBXFileReference; explicitFileType = wrapper.cfbundle; includeInIndex = 0; path = AppStoreAnalyticsQAUITests.xctest; sourceTree = BUILT_PRODUCTS_DIR; };
		900CC86F2D62BA1A005FAEBB /* AnalyticsViewModel.swift */ = {isa = PBXFileReference; lastKnownFileType = sourcecode.swift; path = AnalyticsViewModel.swift; sourceTree = "<group>"; };
		900CC8712D62BA59005FAEBB /* AnalyticsData.swift */ = {isa = PBXFileReference; lastKnownFileType = sourcecode.swift; path = AnalyticsData.swift; sourceTree = "<group>"; };
		900CC8732D62BA8B005FAEBB /* APIServices.swift */ = {isa = PBXFileReference; lastKnownFileType = sourcecode.swift; path = APIServices.swift; sourceTree = "<group>"; };
		900CC8752D62BB32005FAEBB /* api_test.py */ = {isa = PBXFileReference; lastKnownFileType = text.script.python; path = api_test.py; sourceTree = "<group>"; };
/* End PBXFileReference section */

/* Begin PBXFileSystemSynchronizedBuildFileExceptionSet section */
		900CC8792D62C2A0005FAEBB /* Exceptions for "AppStoreAnalyticsQA" folder in "AppStoreAnalyticsQA" target */ = {
			isa = PBXFileSystemSynchronizedBuildFileExceptionSet;
			membershipExceptions = (
				Info.plist,
			);
			target = 900CC83E2D62B95B005FAEBB /* AppStoreAnalyticsQA */;
		};
/* End PBXFileSystemSynchronizedBuildFileExceptionSet section */

/* Begin PBXFileSystemSynchronizedRootGroup section */
		900CC8412D62B95B005FAEBB /* AppStoreAnalyticsQA */ = {
			isa = PBXFileSystemSynchronizedRootGroup;
			exceptions = (
				900CC8792D62C2A0005FAEBB /* Exceptions for "AppStoreAnalyticsQA" folder in "AppStoreAnalyticsQA" target */,
			);
			path = AppStoreAnalyticsQA;
			sourceTree = "<group>";
		};
		900CC8522D62B95D005FAEBB /* AppStoreAnalyticsQATests */ = {
			isa = PBXFileSystemSynchronizedRootGroup;
			path = AppStoreAnalyticsQATests;
			sourceTree = "<group>";
		};
		900CC85C2D62B95D005FAEBB /* AppStoreAnalyticsQAUITests */ = {
			isa = PBXFileSystemSynchronizedRootGroup;
			path = AppStoreAnalyticsQAUITests;
			sourceTree = "<group>";
		};
/* End PBXFileSystemSynchronizedRootGroup section */

/* Begin PBXFrameworksBuildPhase section */
		900CC83C2D62B95B005FAEBB /* Frameworks */ = {
			isa = PBXFrameworksBuildPhase;
			buildActionMask = 2147483647;
			files = (
			);
			runOnlyForDeploymentPostprocessing = 0;
		};
		900CC84C2D62B95D005FAEBB /* Frameworks */ = {
			isa = PBXFrameworksBuildPhase;
			buildActionMask = 2147483647;
			files = (
			);
			runOnlyForDeploymentPostprocessing = 0;
		};
		900CC8562D62B95D005FAEBB /* Frameworks */ = {
			isa = PBXFrameworksBuildPhase;
			buildActionMask = 2147483647;
			files = (
			);
			runOnlyForDeploymentPostprocessing = 0;
		};
/* End PBXFrameworksBuildPhase section */

/* Begin PBXGroup section */
		900CC8362D62B95B005FAEBB = {
			isa = PBXGroup;
			children = (
				900CC8742D62BB2B005FAEBB /* Scripts */,
				900CC86F2D62BA1A005FAEBB /* AnalyticsViewModel.swift */,
				900CC86E2D62B9C6005FAEBB /* Services */,
				900CC86D2D62B9BA005FAEBB /* Models */,
				900CC8412D62B95B005FAEBB /* AppStoreAnalyticsQA */,
				900CC8522D62B95D005FAEBB /* AppStoreAnalyticsQATests */,
				900CC85C2D62B95D005FAEBB /* AppStoreAnalyticsQAUITests */,
				900CC8402D62B95B005FAEBB /* Products */,
			);
			sourceTree = "<group>";
		};
		900CC8402D62B95B005FAEBB /* Products */ = {
			isa = PBXGroup;
			children = (
				900CC83F2D62B95B005FAEBB /* AppStoreAnalyticsQA.app */,
				900CC84F2D62B95D005FAEBB /* AppStoreAnalyticsQATests.xctest */,
				900CC8592D62B95D005FAEBB /* AppStoreAnalyticsQAUITests.xctest */,
			);
			name = Products;
			sourceTree = "<group>";
		};
		900CC86D2D62B9BA005FAEBB /* Models */ = {
			isa = PBXGroup;
			children = (
				900CC8712D62BA59005FAEBB /* AnalyticsData.swift */,
			);
			path = Models;
			sourceTree = "<group>";
		};
		900CC86E2D62B9C6005FAEBB /* Services */ = {
			isa = PBXGroup;
			children = (
				900CC8732D62BA8B005FAEBB /* APIServices.swift */,
			);
			path = Services;
			sourceTree = "<group>";
		};
		900CC8742D62BB2B005FAEBB /* Scripts */ = {
			isa = PBXGroup;
			children = (
				900CC8752D62BB32005FAEBB /* api_test.py */,
			);
			path = Scripts;
			sourceTree = "<group>";
		};
/* End PBXGroup section */

/* Begin PBXNativeTarget section */
		900CC83E2D62B95B005FAEBB /* AppStoreAnalyticsQA */ = {
			isa = PBXNativeTarget;
			buildConfigurationList = 900CC8632D62B95D005FAEBB /* Build configuration list for PBXNativeTarget "AppStoreAnalyticsQA" */;
			buildPhases = (
				900CC83B2D62B95B005FAEBB /* Sources */,
				900CC83C2D62B95B005FAEBB /* Frameworks */,
				900CC83D2D62B95B005FAEBB /* Resources */,
			);
			buildRules = (
			);
			dependencies = (
			);
			fileSystemSynchronizedGroups = (
				900CC8412D62B95B005FAEBB /* AppStoreAnalyticsQA */,
			);
			name = AppStoreAnalyticsQA;
			packageProductDependencies = (
			);
			productName = AppStoreAnalyticsQA;
			productReference = 900CC83F2D62B95B005FAEBB /* AppStoreAnalyticsQA.app */;
			productType = "com.apple.product-type.application";
		};
		900CC84E2D62B95D005FAEBB /* AppStoreAnalyticsQATests */ = {
			isa = PBXNativeTarget;
			buildConfigurationList = 900CC8662D62B95D005FAEBB /* Build configuration list for PBXNativeTarget "AppStoreAnalyticsQATests" */;
			buildPhases = (
				900CC84B2D62B95D005FAEBB /* Sources */,
				900CC84C2D62B95D005FAEBB /* Frameworks */,
				900CC84D2D62B95D005FAEBB /* Resources */,
			);
			buildRules = (
			);
			dependencies = (
				900CC8512D62B95D005FAEBB /* PBXTargetDependency */,
			);
			fileSystemSynchronizedGroups = (
				900CC8522D62B95D005FAEBB /* AppStoreAnalyticsQATests */,
			);
			name = AppStoreAnalyticsQATests;
			packageProductDependencies = (
			);
			productName = AppStoreAnalyticsQATests;
			productReference = 900CC84F2D62B95D005FAEBB /* AppStoreAnalyticsQATests.xctest */;
			productType = "com.apple.product-type.bundle.unit-test";
		};
		900CC8582D62B95D005FAEBB /* AppStoreAnalyticsQAUITests */ = {
			isa = PBXNativeTarget;
			buildConfigurationList = 900CC8692D62B95D005FAEBB /* Build configuration list for PBXNativeTarget "AppStoreAnalyticsQAUITests" */;
			buildPhases = (
				900CC8552D62B95D005FAEBB /* Sources */,
				900CC8562D62B95D005FAEBB /* Frameworks */,
				900CC8572D62B95D005FAEBB /* Resources */,
			);
			buildRules = (
			);
			dependencies = (
				900CC85B2D62B95D005FAEBB /* PBXTargetDependency */,
			);
			fileSystemSynchronizedGroups = (
				900CC85C2D62B95D005FAEBB /* AppStoreAnalyticsQAUITests */,
			);
			name = AppStoreAnalyticsQAUITests;
			packageProductDependencies = (
			);
			productName = AppStoreAnalyticsQAUITests;
			productReference = 900CC8592D62B95D005FAEBB /* AppStoreAnalyticsQAUITests.xctest */;
			productType = "com.apple.product-type.bundle.ui-testing";
		};
/* End PBXNativeTarget section */

/* Begin PBXProject section */
		900CC8372D62B95B005FAEBB /* Project object */ = {
			isa = PBXProject;
			attributes = {
				BuildIndependentTargetsInParallel = 1;
				LastSwiftUpdateCheck = 1620;
				LastUpgradeCheck = 1620;
				TargetAttributes = {
					900CC83E2D62B95B005FAEBB = {
						CreatedOnToolsVersion = 16.2;
					};
					900CC84E2D62B95D005FAEBB = {
						CreatedOnToolsVersion = 16.2;
						TestTargetID = 900CC83E2D62B95B005FAEBB;
					};
					900CC8582D62B95D005FAEBB = {
						CreatedOnToolsVersion = 16.2;
						TestTargetID = 900CC83E2D62B95B005FAEBB;
					};
				};
			};
			buildConfigurationList = 900CC83A2D62B95B005FAEBB /* Build configuration list for PBXProject "AppStoreAnalyticsQA" */;
			developmentRegion = en;
			hasScannedForEncodings = 0;
			knownRegions = (
				en,
				Base,
			);
			mainGroup = 900CC8362D62B95B005FAEBB;
			minimizedProjectReferenceProxies = 1;
			preferredProjectObjectVersion = 77;
			productRefGroup = 900CC8402D62B95B005FAEBB /* Products */;
			projectDirPath = "";
			projectRoot = "";
			targets = (
				900CC83E2D62B95B005FAEBB /* AppStoreAnalyticsQA */,
				900CC84E2D62B95D005FAEBB /* AppStoreAnalyticsQATests */,
				900CC8582D62B95D005FAEBB /* AppStoreAnalyticsQAUITests */,
			);
		};
/* End PBXProject section */

/* Begin PBXResourcesBuildPhase section */
		900CC83D2D62B95B005FAEBB /* Resources */ = {
			isa = PBXResourcesBuildPhase;
			buildActionMask = 2147483647;
			files = (
			);
			runOnlyForDeploymentPostprocessing = 0;
		};
		900CC84D2D62B95D005FAEBB /* Resources */ = {
			isa = PBXResourcesBuildPhase;
			buildActionMask = 2147483647;
			files = (
			);
			runOnlyForDeploymentPostprocessing = 0;
		};
		900CC8572D62B95D005FAEBB /* Resources */ = {
			isa = PBXResourcesBuildPhase;
			buildActionMask = 2147483647;
			files = (
			);
			runOnlyForDeploymentPostprocessing = 0;
		};
/* End PBXResourcesBuildPhase section */

/* Begin PBXSourcesBuildPhase section */
		900CC83B2D62B95B005FAEBB /* Sources */ = {
			isa = PBXSourcesBuildPhase;
			buildActionMask = 2147483647;
			files = (
				900CC8762D62BD84005FAEBB /* AnalyticsData.swift in Sources */,
				900CC8702D62BA1F005FAEBB /* AnalyticsViewModel.swift in Sources */,
				900CC8772D62BD8E005FAEBB /* APIServices.swift in Sources */,
			);
			runOnlyForDeploymentPostprocessing = 0;
		};
		900CC84B2D62B95D005FAEBB /* Sources */ = {
			isa = PBXSourcesBuildPhase;
			buildActionMask = 2147483647;
			files = (
			);
			runOnlyForDeploymentPostprocessing = 0;
		};
		900CC8552D62B95D005FAEBB /* Sources */ = {
			isa = PBXSourcesBuildPhase;
			buildActionMask = 2147483647;
			files = (
			);
			runOnlyForDeploymentPostprocessing = 0;
		};
/* End PBXSourcesBuildPhase section */

/* Begin PBXTargetDependency section */
		900CC8512D62B95D005FAEBB /* PBXTargetDependency */ = {
			isa = PBXTargetDependency;
			target = 900CC83E2D62B95B005FAEBB /* AppStoreAnalyticsQA */;
			targetProxy = 900CC8502D62B95D005FAEBB /* PBXContainerItemProxy */;
		};
		900CC85B2D62B95D005FAEBB /* PBXTargetDependency */ = {
			isa = PBXTargetDependency;
			target = 900CC83E2D62B95B005FAEBB /* AppStoreAnalyticsQA */;
			targetProxy = 900CC85A2D62B95D005FAEBB /* PBXContainerItemProxy */;
		};
/* End PBXTargetDependency section */

/* Begin XCBuildConfiguration section */
		900CC8612D62B95D005FAEBB /* Debug */ = {
			isa = XCBuildConfiguration;
			buildSettings = {
				ALWAYS_SEARCH_USER_PATHS = NO;
				ASSETCATALOG_COMPILER_GENERATE_SWIFT_ASSET_SYMBOL_EXTENSIONS = YES;
				CLANG_ANALYZER_NONNULL = YES;
				CLANG_ANALYZER_NUMBER_OBJECT_CONVERSION = YES_AGGRESSIVE;
				CLANG_CXX_LANGUAGE_STANDARD = "gnu++20";
				CLANG_ENABLE_MODULES = YES;
				CLANG_ENABLE_OBJC_ARC = YES;
				CLANG_ENABLE_OBJC_WEAK = YES;
				CLANG_WARN_BLOCK_CAPTURE_AUTORELEASING = YES;
				CLANG_WARN_BOOL_CONVERSION = YES;
				CLANG_WARN_COMMA = YES;
				CLANG_WARN_CONSTANT_CONVERSION = YES;
				CLANG_WARN_DEPRECATED_OBJC_IMPLEMENTATIONS = YES;
				CLANG_WARN_DIRECT_OBJC_ISA_USAGE = YES_ERROR;
				CLANG_WARN_DOCUMENTATION_COMMENTS = YES;
				CLANG_WARN_EMPTY_BODY = YES;
				CLANG_WARN_ENUM_CONVERSION = YES;
				CLANG_WARN_INFINITE_RECURSION = YES;
				CLANG_WARN_INT_CONVERSION = YES;
				CLANG_WARN_NON_LITERAL_NULL_CONVERSION = YES;
				CLANG_WARN_OBJC_IMPLICIT_RETAIN_SELF = YES;
				CLANG_WARN_OBJC_LITERAL_CONVERSION = YES;
				CLANG_WARN_OBJC_ROOT_CLASS = YES_ERROR;
				CLANG_WARN_QUOTED_INCLUDE_IN_FRAMEWORK_HEADER = YES;
				CLANG_WARN_RANGE_LOOP_ANALYSIS = YES;
				CLANG_WARN_STRICT_PROTOTYPES = YES;
				CLANG_WARN_SUSPICIOUS_MOVE = YES;
				CLANG_WARN_UNGUARDED_AVAILABILITY = YES_AGGRESSIVE;
				CLANG_WARN_UNREACHABLE_CODE = YES;
				CLANG_WARN__DUPLICATE_METHOD_MATCH = YES;
				COPY_PHASE_STRIP = NO;
				DEBUG_INFORMATION_FORMAT = dwarf;
				ENABLE_STRICT_OBJC_MSGSEND = YES;
				ENABLE_TESTABILITY = YES;
				ENABLE_USER_SCRIPT_SANDBOXING = YES;
				GCC_C_LANGUAGE_STANDARD = gnu17;
				GCC_DYNAMIC_NO_PIC = NO;
				GCC_NO_COMMON_BLOCKS = YES;
				GCC_OPTIMIZATION_LEVEL = 0;
				GCC_PREPROCESSOR_DEFINITIONS = (
					"DEBUG=1",
					"$(inherited)",
				);
				GCC_WARN_64_TO_32_BIT_CONVERSION = YES;
				GCC_WARN_ABOUT_RETURN_TYPE = YES_ERROR;
				GCC_WARN_UNDECLARED_SELECTOR = YES;
				GCC_WARN_UNINITIALIZED_AUTOS = YES_AGGRESSIVE;
				GCC_WARN_UNUSED_FUNCTION = YES;
				GCC_WARN_UNUSED_VARIABLE = YES;
				IPHONEOS_DEPLOYMENT_TARGET = 18.2;
				LOCALIZATION_PREFERS_STRING_CATALOGS = YES;
				MTL_ENABLE_DEBUG_INFO = INCLUDE_SOURCE;
				MTL_FAST_MATH = YES;
				ONLY_ACTIVE_ARCH = YES;
				SDKROOT = iphoneos;
				SWIFT_ACTIVE_COMPILATION_CONDITIONS = "DEBUG $(inherited)";
				SWIFT_OPTIMIZATION_LEVEL = "-Onone";
			};
			name = Debug;
		};
		900CC8622D62B95D005FAEBB /* Release */ = {
			isa = XCBuildConfiguration;
			buildSettings = {
				ALWAYS_SEARCH_USER_PATHS = NO;
				ASSETCATALOG_COMPILER_GENERATE_SWIFT_ASSET_SYMBOL_EXTENSIONS = YES;
				CLANG_ANALYZER_NONNULL = YES;
				CLANG_ANALYZER_NUMBER_OBJECT_CONVERSION = YES_AGGRESSIVE;
				CLANG_CXX_LANGUAGE_STANDARD = "gnu++20";
				CLANG_ENABLE_MODULES = YES;
				CLANG_ENABLE_OBJC_ARC = YES;
				CLANG_ENABLE_OBJC_WEAK = YES;
				CLANG_WARN_BLOCK_CAPTURE_AUTORELEASING = YES;
				CLANG_WARN_BOOL_CONVERSION = YES;
				CLANG_WARN_COMMA = YES;
				CLANG_WARN_CONSTANT_CONVERSION = YES;
				CLANG_WARN_DEPRECATED_OBJC_IMPLEMENTATIONS = YES;
				CLANG_WARN_DIRECT_OBJC_ISA_USAGE = YES_ERROR;
				CLANG_WARN_DOCUMENTATION_COMMENTS = YES;
				CLANG_WARN_EMPTY_BODY = YES;
				CLANG_WARN_ENUM_CONVERSION = YES;
				CLANG_WARN_INFINITE_RECURSION = YES;
				CLANG_WARN_INT_CONVERSION = YES;
				CLANG_WARN_NON_LITERAL_NULL_CONVERSION = YES;
				CLANG_WARN_OBJC_IMPLICIT_RETAIN_SELF = YES;
				CLANG_WARN_OBJC_LITERAL_CONVERSION = YES;
				CLANG_WARN_OBJC_ROOT_CLASS = YES_ERROR;
				CLANG_WARN_QUOTED_INCLUDE_IN_FRAMEWORK_HEADER = YES;
				CLANG_WARN_RANGE_LOOP_ANALYSIS = YES;
				CLANG_WARN_STRICT_PROTOTYPES = YES;
				CLANG_WARN_SUSPICIOUS_MOVE = YES;
				CLANG_WARN_UNGUARDED_AVAILABILITY = YES_AGGRESSIVE;
				CLANG_WARN_UNREACHABLE_CODE = YES;
				CLANG_WARN__DUPLICATE_METHOD_MATCH = YES;
				COPY_PHASE_STRIP = NO;
				DEBUG_INFORMATION_FORMAT = "dwarf-with-dsym";
				ENABLE_NS_ASSERTIONS = NO;
				ENABLE_STRICT_OBJC_MSGSEND = YES;
				ENABLE_USER_SCRIPT_SANDBOXING = YES;
				GCC_C_LANGUAGE_STANDARD = gnu17;
				GCC_NO_COMMON_BLOCKS = YES;
				GCC_WARN_64_TO_32_BIT_CONVERSION = YES;
				GCC_WARN_ABOUT_RETURN_TYPE = YES_ERROR;
				GCC_WARN_UNDECLARED_SELECTOR = YES;
				GCC_WARN_UNINITIALIZED_AUTOS = YES_AGGRESSIVE;
				GCC_WARN_UNUSED_FUNCTION = YES;
				GCC_WARN_UNUSED_VARIABLE = YES;
				IPHONEOS_DEPLOYMENT_TARGET = 18.2;
				LOCALIZATION_PREFERS_STRING_CATALOGS = YES;
				MTL_ENABLE_DEBUG_INFO = NO;
				MTL_FAST_MATH = YES;
				SDKROOT = iphoneos;
				SWIFT_COMPILATION_MODE = wholemodule;
				VALIDATE_PRODUCT = YES;
			};
			name = Release;
		};
		900CC8642D62B95D005FAEBB /* Debug */ = {
			isa = XCBuildConfiguration;
			buildSettings = {
				ASSETCATALOG_COMPILER_APPICON_NAME = AppIcon;
				ASSETCATALOG_COMPILER_GLOBAL_ACCENT_COLOR_NAME = AccentColor;
				CODE_SIGN_STYLE = Automatic;
				CURRENT_PROJECT_VERSION = 1;
				DEVELOPMENT_ASSET_PATHS = "\"AppStoreAnalyticsQA/Preview Content\"";
				ENABLE_PREVIEWS = YES;
				GENERATE_INFOPLIST_FILE = YES;
				INFOPLIST_FILE = AppStoreAnalyticsQA/Info.plist;
				INFOPLIST_KEY_UIApplicationSceneManifest_Generation = YES;
				INFOPLIST_KEY_UIApplicationSupportsIndirectInputEvents = YES;
				INFOPLIST_KEY_UILaunchScreen_Generation = YES;
				INFOPLIST_KEY_UISupportedInterfaceOrientations_iPad = "UIInterfaceOrientationPortrait UIInterfaceOrientationPortraitUpsideDown UIInterfaceOrientationLandscapeLeft UIInterfaceOrientationLandscapeRight";
				INFOPLIST_KEY_UISupportedInterfaceOrientations_iPhone = "UIInterfaceOrientationPortrait UIInterfaceOrientationLandscapeLeft UIInterfaceOrientationLandscapeRight";
				LD_RUNPATH_SEARCH_PATHS = (
					"$(inherited)",
					"@executable_path/Frameworks",
				);
				MARKETING_VERSION = 1.0;
				PRODUCT_BUNDLE_IDENTIFIER = com.simardeepsingh.Test.AppStoreAnalyticsQA;
				PRODUCT_NAME = "$(TARGET_NAME)";
				SWIFT_EMIT_LOC_STRINGS = YES;
				SWIFT_VERSION = 5.0;
				TARGETED_DEVICE_FAMILY = "1,2";
			};
			name = Debug;
		};
		900CC8652D62B95D005FAEBB /* Release */ = {
			isa = XCBuildConfiguration;
			buildSettings = {
				ASSETCATALOG_COMPILER_APPICON_NAME = AppIcon;
				ASSETCATALOG_COMPILER_GLOBAL_ACCENT_COLOR_NAME = AccentColor;
				CODE_SIGN_STYLE = Automatic;
				CURRENT_PROJECT_VERSION = 1;
				DEVELOPMENT_ASSET_PATHS = "\"AppStoreAnalyticsQA/Preview Content\"";
				ENABLE_PREVIEWS = YES;
				GENERATE_INFOPLIST_FILE = YES;
				INFOPLIST_FILE = AppStoreAnalyticsQA/Info.plist;
				INFOPLIST_KEY_UIApplicationSceneManifest_Generation = YES;
				INFOPLIST_KEY_UIApplicationSupportsIndirectInputEvents = YES;
				INFOPLIST_KEY_UILaunchScreen_Generation = YES;
				INFOPLIST_KEY_UISupportedInterfaceOrientations_iPad = "UIInterfaceOrientationPortrait UIInterfaceOrientationPortraitUpsideDown UIInterfaceOrientationLandscapeLeft UIInterfaceOrientationLandscapeRight";
				INFOPLIST_KEY_UISupportedInterfaceOrientations_iPhone = "UIInterfaceOrientationPortrait UIInterfaceOrientationLandscapeLeft UIInterfaceOrientationLandscapeRight";
				LD_RUNPATH_SEARCH_PATHS = (
					"$(inherited)",
					"@executable_path/Frameworks",
				);
				MARKETING_VERSION = 1.0;
				PRODUCT_BUNDLE_IDENTIFIER = com.simardeepsingh.Test.AppStoreAnalyticsQA;
				PRODUCT_NAME = "$(TARGET_NAME)";
				SWIFT_EMIT_LOC_STRINGS = YES;
				SWIFT_VERSION = 5.0;
				TARGETED_DEVICE_FAMILY = "1,2";
			};
			name = Release;
		};
		900CC8672D62B95D005FAEBB /* Debug */ = {
			isa = XCBuildConfiguration;
			buildSettings = {
				BUNDLE_LOADER = "$(TEST_HOST)";
				CODE_SIGN_STYLE = Automatic;
				CURRENT_PROJECT_VERSION = 1;
				GENERATE_INFOPLIST_FILE = YES;
				IPHONEOS_DEPLOYMENT_TARGET = 18.2;
				MARKETING_VERSION = 1.0;
				PRODUCT_BUNDLE_IDENTIFIER = com.simardeepsingh.Test.AppStoreAnalyticsQATests;
				PRODUCT_NAME = "$(TARGET_NAME)";
				SWIFT_EMIT_LOC_STRINGS = NO;
				SWIFT_VERSION = 5.0;
				TARGETED_DEVICE_FAMILY = "1,2";
				TEST_HOST = "$(BUILT_PRODUCTS_DIR)/AppStoreAnalyticsQA.app/$(BUNDLE_EXECUTABLE_FOLDER_PATH)/AppStoreAnalyticsQA";
			};
			name = Debug;
		};
		900CC8682D62B95D005FAEBB /* Release */ = {
			isa = XCBuildConfiguration;
			buildSettings = {
				BUNDLE_LOADER = "$(TEST_HOST)";
				CODE_SIGN_STYLE = Automatic;
				CURRENT_PROJECT_VERSION = 1;
				GENERATE_INFOPLIST_FILE = YES;
				IPHONEOS_DEPLOYMENT_TARGET = 18.2;
				MARKETING_VERSION = 1.0;
				PRODUCT_BUNDLE_IDENTIFIER = com.simardeepsingh.Test.AppStoreAnalyticsQATests;
				PRODUCT_NAME = "$(TARGET_NAME)";
				SWIFT_EMIT_LOC_STRINGS = NO;
				SWIFT_VERSION = 5.0;
				TARGETED_DEVICE_FAMILY = "1,2";
				TEST_HOST = "$(BUILT_PRODUCTS_DIR)/AppStoreAnalyticsQA.app/$(BUNDLE_EXECUTABLE_FOLDER_PATH)/AppStoreAnalyticsQA";
			};
			name = Release;
		};
		900CC86A2D62B95D005FAEBB /* Debug */ = {
			isa = XCBuildConfiguration;
			buildSettings = {
				CODE_SIGN_STYLE = Automatic;
				CURRENT_PROJECT_VERSION = 1;
				GENERATE_INFOPLIST_FILE = YES;
				MARKETING_VERSION = 1.0;
				PRODUCT_BUNDLE_IDENTIFIER = com.simardeepsingh.Test.AppStoreAnalyticsQAUITests;
				PRODUCT_NAME = "$(TARGET_NAME)";
				SWIFT_EMIT_LOC_STRINGS = NO;
				SWIFT_VERSION = 5.0;
				TARGETED_DEVICE_FAMILY = "1,2";
				TEST_TARGET_NAME = AppStoreAnalyticsQA;
			};
			name = Debug;
		};
		900CC86B2D62B95D005FAEBB /* Release */ = {
			isa = XCBuildConfiguration;
			buildSettings = {
				CODE_SIGN_STYLE = Automatic;
				CURRENT_PROJECT_VERSION = 1;
				GENERATE_INFOPLIST_FILE = YES;
				MARKETING_VERSION = 1.0;
				PRODUCT_BUNDLE_IDENTIFIER = com.simardeepsingh.Test.AppStoreAnalyticsQAUITests;
				PRODUCT_NAME = "$(TARGET_NAME)";
				SWIFT_EMIT_LOC_STRINGS = NO;
				SWIFT_VERSION = 5.0;
				TARGETED_DEVICE_FAMILY = "1,2";
				TEST_TARGET_NAME = AppStoreAnalyticsQA;
			};
			name = Release;
		};
/* End XCBuildConfiguration section */

/* Begin XCConfigurationList section */
		900CC83A2D62B95B005FAEBB /* Build configuration list for PBXProject "AppStoreAnalyticsQA" */ = {
			isa = XCConfigurationList;
			buildConfigurations = (
				900CC8612D62B95D005FAEBB /* Debug */,
				900CC8622D62B95D005FAEBB /* Release */,
			);
			defaultConfigurationIsVisible = 0;
			defaultConfigurationName = Release;
		};
		900CC8632D62B95D005FAEBB /* Build configuration list for PBXNativeTarget "AppStoreAnalyticsQA" */ = {
			isa = XCConfigurationList;
			buildConfigurations = (
				900CC8642D62B95D005FAEBB /* Debug */,
				900CC8652D62B95D005FAEBB /* Release */,
			);
			defaultConfigurationIsVisible = 0;
			defaultConfigurationName = Release;
		};
		900CC8662D62B95D005FAEBB /* Build configuration list for PBXNativeTarget "AppStoreAnalyticsQATests" */ = {
			isa = XCConfigurationList;
			buildConfigurations = (
				900CC8672D62B95D005FAEBB /* Debug */,
				900CC8682D62B95D005FAEBB /* Release */,
			);
			defaultConfigurationIsVisible = 0;
			defaultConfigurationName = Release;
		};
		900CC8692D62B95D005FAEBB /* Build configuration list for PBXNativeTarget "AppStoreAnalyticsQAUITests" */ = {
			isa = XCConfigurationList;
			buildConfigurations = (
				900CC86A2D62B95D005FAEBB /* Debug */,
				900CC86B2D62B95D005FAEBB /* Release */,
			);
			defaultConfigurationIsVisible = 0;
			defaultConfigurationName = Release;
		};
/* End XCConfigurationList section */
	};
	rootObject = 900CC8372D62B95B005FAEBB /* Project object */;
}
